
Microsoft Visual Studio Solution File, Format Version 12.00
# Visual Studio Version 16
VisualStudioVersion = 16.0.31321.278
MinimumVisualStudioVersion = 10.0.40219.1
Project("{9A19103F-16F7-4668-BE54-9A1E7A4F7556}") = "Sagiri", "..\Sagiri\Sagiri.csproj", "{B40611BB-A7E7-4CDD-9516-3ED726EFB1D0}"
EndProject
Project("{2150E333-8FDC-42A3-9474-1A3956D46DE8}") = "Solution Items", "Solution Items", "{0A819F5A-6C90-4A5E-8424-44E41C2470C2}"
	ProjectSection(SolutionItems) = preProject
		.editorconfig = .editorconfig
	EndProjectSection
EndProject
Project("{FAE04EC0-301F-11D3-BF4B-00C04F79EFBC}") = "SagiriUI", "..\SagiriUI\SagiriUI.csproj", "{EDA1495C-DD19-40A3-83E1-4CD4EA412552}"
EndProject
Global
	GlobalSection(SolutionConfigurationPlatforms) = preSolution
		Debug|Any CPU = Debug|Any CPU
		Release|Any CPU = Release|Any CPU
	EndGlobalSection
	GlobalSection(ProjectConfigurationPlatforms) = postSolution
		{B40611BB-A7E7-4CDD-9516-3ED726EFB1D0}.Debug|Any CPU.ActiveCfg = Debug|Any CPU
		{B40611BB-A7E7-4CDD-9516-3ED726EFB1D0}.Debug|Any CPU.Build.0 = Debug|Any CPU
		{B40611BB-A7E7-4CDD-9516-3ED726EFB1D0}.Release|Any CPU.ActiveCfg = Release|Any CPU
		{B40611BB-A7E7-4CDD-9516-3ED726EFB1D0}.Release|Any CPU.Build.0 = Release|Any CPU
		{EDA1495C-DD19-40A3-83E1-4CD4EA412552}.Debug|Any CPU.ActiveCfg = Debug|Any CPU
		{EDA1495C-DD19-40A3-83E1-4CD4EA412552}.Debug|Any CPU.Build.0 = Debug|Any CPU
		{EDA1495C-DD19-40A3-83E1-4CD4EA412552}.Release|Any CPU.ActiveCfg = Release|Any CPU
		{EDA1495C-DD19-40A3-83E1-4CD4EA412552}.Release|Any CPU.Build.0 = Release|Any CPU
	EndGlobalSection
	GlobalSection(SolutionProperties) = preSolution
		HideSolutionNode = FALSE
	EndGlobalSection
	GlobalSection(ExtensibilityGlobals) = postSolution
		SolutionGuid = {21D1B095-00C0-4F2C-BA7A-3FD7A9BD0F37}
	EndGlobalSection
EndGlobal
