
Microsoft Visual Studio Solution File, Format Version 12.00
# Visual Studio Version 17
VisualStudioVersion = 17.1.32228.430
MinimumVisualStudioVersion = 10.0.40219.1
Project("{9A19103F-16F7-4668-BE54-9A1E7A4F7556}") = "Sagiri", "Sagiri.csproj", "{B40611BB-A7E7-4CDD-9516-3ED726EFB1D0}"
EndProject
Project("{2150E333-8FDC-42A3-9474-1A3956D46DE8}") = "Solution Items", "Solution Items", "{0A819F5A-6C90-4A5E-8424-44E41C2470C2}"
	ProjectSection(SolutionItems) = preProject
		.editorconfig = .editorconfig
	EndProjectSection
EndProject
Project("{9A19103F-16F7-4668-BE54-9A1E7A4F7556}") = "SagiriApp", "..\SagiriApp\SagiriApp.csproj", "{E0CCF0D6-EB37-4CAB-804F-17677A2CA295}"
EndProject
Global
	GlobalSection(SolutionConfigurationPlatforms) = preSolution
		Debug|Any CPU = Debug|Any CPU
		Debug|x64 = Debug|x64
		Release|Any CPU = Release|Any CPU
		Release|x64 = Release|x64
	EndGlobalSection
	GlobalSection(ProjectConfigurationPlatforms) = postSolution
		{B40611BB-A7E7-4CDD-9516-3ED726EFB1D0}.Debug|Any CPU.ActiveCfg = Debug|Any CPU
		{B40611BB-A7E7-4CDD-9516-3ED726EFB1D0}.Debug|Any CPU.Build.0 = Debug|Any CPU
		{B40611BB-A7E7-4CDD-9516-3ED726EFB1D0}.Debug|x64.ActiveCfg = Debug|Any CPU
		{B40611BB-A7E7-4CDD-9516-3ED726EFB1D0}.Debug|x64.Build.0 = Debug|Any CPU
		{B40611BB-A7E7-4CDD-9516-3ED726EFB1D0}.Release|Any CPU.ActiveCfg = Release|Any CPU
		{B40611BB-A7E7-4CDD-9516-3ED726EFB1D0}.Release|Any CPU.Build.0 = Release|Any CPU
		{B40611BB-A7E7-4CDD-9516-3ED726EFB1D0}.Release|x64.ActiveCfg = Release|Any CPU
		{B40611BB-A7E7-4CDD-9516-3ED726EFB1D0}.Release|x64.Build.0 = Release|Any CPU
		{E0CCF0D6-EB37-4CAB-804F-17677A2CA295}.Debug|Any CPU.ActiveCfg = Debug|Any CPU
		{E0CCF0D6-EB37-4CAB-804F-17677A2CA295}.Debug|Any CPU.Build.0 = Debug|Any CPU
		{E0CCF0D6-EB37-4CAB-804F-17677A2CA295}.Debug|x64.ActiveCfg = Debug|Any CPU
		{E0CCF0D6-EB37-4CAB-804F-17677A2CA295}.Debug|x64.Build.0 = Debug|Any CPU
		{E0CCF0D6-EB37-4CAB-804F-17677A2CA295}.Release|Any CPU.ActiveCfg = Release|Any CPU
		{E0CCF0D6-EB37-4CAB-804F-17677A2CA295}.Release|Any CPU.Build.0 = Release|Any CPU
		{E0CCF0D6-EB37-4CAB-804F-17677A2CA295}.Release|x64.ActiveCfg = Release|Any CPU
		{E0CCF0D6-EB37-4CAB-804F-17677A2CA295}.Release|x64.Build.0 = Release|Any CPU
	EndGlobalSection
	GlobalSection(SolutionProperties) = preSolution
		HideSolutionNode = FALSE
	EndGlobalSection
	GlobalSection(ExtensibilityGlobals) = postSolution
		SolutionGuid = {21D1B095-00C0-4F2C-BA7A-3FD7A9BD0F37}
	EndGlobalSection
EndGlobal
